
Microsoft Visual Studio Solution File, Format Version 12.00
# Visual Studio Version 17
VisualStudioVersion = 17.3.32901.215
MinimumVisualStudioVersion = 10.0.40219.1
Project("{FAE04EC0-301F-11D3-BF4B-00C04F79EFBC}") = "dev-allocation", "dev-allocation.csproj", "{44C1652F-481E-439D-8BD7-E98FFD031B9C}"
EndProject
Global
	GlobalSection(SolutionConfigurationPlatforms) = preSolution
		Debug|Any CPU = Debug|Any CPU
		Release|Any CPU = Release|Any CPU
	EndGlobalSection
	GlobalSection(ProjectConfigurationPlatforms) = postSolution
		{44C1652F-481E-439D-8BD7-E98FFD031B9C}.Debug|Any CPU.ActiveCfg = Debug|Any CPU
		{44C1652F-481E-439D-8BD7-E98FFD031B9C}.Debug|Any CPU.Build.0 = Debug|Any CPU
		{44C1652F-481E-439D-8BD7-E98FFD031B9C}.Release|Any CPU.ActiveCfg = Release|Any CPU
		{44C1652F-481E-439D-8BD7-E98FFD031B9C}.Release|Any CPU.Build.0 = Release|Any CPU
	EndGlobalSection
	GlobalSection(SolutionProperties) = preSolution
		HideSolutionNode = FALSE
	EndGlobalSection
	GlobalSection(ExtensibilityGlobals) = postSolution
		SolutionGuid = {E80EC732-AE4D-4E02-87A1-30562504D209}
	EndGlobalSection
EndGlobal
